github.com/go-ruby-activesupport/activesupport v0.0.0-20260706103309-88c190fc0983 h1:PPQrmolQwLSsVpDyirNZjB6iPMtCeB/4aoGzuYUZ5cM=
github.com/go-ruby-activesupport/activesupport v0.0.0-20260706103309-88c190fc0983/go.mod h1:ykSisArfgmpZFoV0y0irolshuOdSPyALFz/wWCJiaEE=
github.com/go-ruby-mail/mail v0.0.0-20260701122047-67f8e8ec1d6e h1:mBJm+ZY0JP4pKMEiIfTPcfUuGL+8ACLmQEVb3q/yu/E=
github.com/go-ruby-mail/mail v0.0.0-20260701122047-67f8e8ec1d6e/go.mod h1:YJN6l0WpGBz87UAbyHGqnH14iwABfjvrZPUunn9OrNs=
